
Microsoft Visual Studio Solution File, Format Version 12.00
# Visual Studio Version 16
VisualStudioVersion = 16.0.28803.156
MinimumVisualStudioVersion = 10.0.40219.1
Project("{FAE04EC0-301F-11D3-BF4B-00C04F79EFBC}") = "Aaron", "Aaron\Aaron.csproj", "{21EA487B-5929-415D-87E1-BF93A6A1A34A}"
EndProject
Global
	GlobalSection(SolutionConfigurationPlatforms) = preSolution
		Debug|Any CPU = Debug|Any CPU
		Debug|x86 = Debug|x86
		Release|Any CPU = Release|Any CPU
		Release|x86 = Release|x86
	EndGlobalSection
	GlobalSection(ProjectConfigurationPlatforms) = postSolution
		{21EA487B-5929-415D-87E1-BF93A6A1A34A}.Debug|Any CPU.ActiveCfg = Debug|Any CPU
		{21EA487B-5929-415D-87E1-BF93A6A1A34A}.Debug|Any CPU.Build.0 = Debug|Any CPU
		{21EA487B-5929-415D-87E1-BF93A6A1A34A}.Debug|x86.ActiveCfg = Debug|x86
		{21EA487B-5929-415D-87E1-BF93A6A1A34A}.Debug|x86.Build.0 = Debug|x86
		{21EA487B-5929-415D-87E1-BF93A6A1A34A}.Release|Any CPU.ActiveCfg = Release|Any CPU
		{21EA487B-5929-415D-87E1-BF93A6A1A34A}.Release|Any CPU.Build.0 = Release|Any CPU
		{21EA487B-5929-415D-87E1-BF93A6A1A34A}.Release|x86.ActiveCfg = Release|x86
		{21EA487B-5929-415D-87E1-BF93A6A1A34A}.Release|x86.Build.0 = Release|x86
	EndGlobalSection
	GlobalSection(SolutionProperties) = preSolution
		HideSolutionNode = FALSE
	EndGlobalSection
	GlobalSection(ExtensibilityGlobals) = postSolution
		SolutionGuid = {0A049D5E-CDC7-4004-B0A4-7BDAEEA0A315}
	EndGlobalSection
EndGlobal
